
Microsoft Visual Studio Solution File, Format Version 12.00
# Visual Studio Version 17
VisualStudioVersion = 17.8.34525.116
MinimumVisualStudioVersion = 10.0.40219.1
Project("{8BC9CEB8-8B4A-11D0-8D11-00A0C91BC942}") = "ep2e", "ep2e\ep2e.vcxproj", "{E5190816-DDC2-4906-BA25-15127890FEE6}"
EndProject
Project("{8BC9CEB8-8B4A-11D0-8D11-00A0C91BC942}") = "ep2eTest", "ep2eTest\ep2eTest.vcxproj", "{3D44385D-4E8D-42B9-962C-47C52F549341}"
EndProject
Project("{8BC9CEB8-8B4A-11D0-8D11-00A0C91BC942}") = "opposedTest", "opposedTest\opposedTest.vcxproj", "{95F93382-E973-4A2B-B49A-7654683F1D0E}"
EndProject
Project("{8BC9CEB8-8B4A-11D0-8D11-00A0C91BC942}") = "depressure", "depressure\depressure.vcxproj", "{C45F3A21-24E3-4870-83D1-161793E5170E}"
EndProject
Global
	GlobalSection(SolutionConfigurationPlatforms) = preSolution
		Debug|x64 = Debug|x64
		Debug|x86 = Debug|x86
		Release|x64 = Release|x64
		Release|x86 = Release|x86
	EndGlobalSection
	GlobalSection(ProjectConfigurationPlatforms) = postSolution
		{E5190816-DDC2-4906-BA25-15127890FEE6}.Debug|x64.ActiveCfg = Debug|x64
		{E5190816-DDC2-4906-BA25-15127890FEE6}.Debug|x64.Build.0 = Debug|x64
		{E5190816-DDC2-4906-BA25-15127890FEE6}.Debug|x86.ActiveCfg = Debug|Win32
		{E5190816-DDC2-4906-BA25-15127890FEE6}.Debug|x86.Build.0 = Debug|Win32
		{E5190816-DDC2-4906-BA25-15127890FEE6}.Release|x64.ActiveCfg = Release|x64
		{E5190816-DDC2-4906-BA25-15127890FEE6}.Release|x64.Build.0 = Release|x64
		{E5190816-DDC2-4906-BA25-15127890FEE6}.Release|x86.ActiveCfg = Release|Win32
		{E5190816-DDC2-4906-BA25-15127890FEE6}.Release|x86.Build.0 = Release|Win32
		{3D44385D-4E8D-42B9-962C-47C52F549341}.Debug|x64.ActiveCfg = Debug|x64
		{3D44385D-4E8D-42B9-962C-47C52F549341}.Debug|x64.Build.0 = Debug|x64
		{3D44385D-4E8D-42B9-962C-47C52F549341}.Debug|x86.ActiveCfg = Debug|Win32
		{3D44385D-4E8D-42B9-962C-47C52F549341}.Debug|x86.Build.0 = Debug|Win32
		{3D44385D-4E8D-42B9-962C-47C52F549341}.Release|x64.ActiveCfg = Release|x64
		{3D44385D-4E8D-42B9-962C-47C52F549341}.Release|x64.Build.0 = Release|x64
		{3D44385D-4E8D-42B9-962C-47C52F549341}.Release|x86.ActiveCfg = Release|Win32
		{3D44385D-4E8D-42B9-962C-47C52F549341}.Release|x86.Build.0 = Release|Win32
		{95F93382-E973-4A2B-B49A-7654683F1D0E}.Debug|x64.ActiveCfg = Debug|x64
		{95F93382-E973-4A2B-B49A-7654683F1D0E}.Debug|x64.Build.0 = Debug|x64
		{95F93382-E973-4A2B-B49A-7654683F1D0E}.Debug|x86.ActiveCfg = Debug|Win32
		{95F93382-E973-4A2B-B49A-7654683F1D0E}.Debug|x86.Build.0 = Debug|Win32
		{95F93382-E973-4A2B-B49A-7654683F1D0E}.Release|x64.ActiveCfg = Release|x64
		{95F93382-E973-4A2B-B49A-7654683F1D0E}.Release|x64.Build.0 = Release|x64
		{95F93382-E973-4A2B-B49A-7654683F1D0E}.Release|x86.ActiveCfg = Release|Win32
		{95F93382-E973-4A2B-B49A-7654683F1D0E}.Release|x86.Build.0 = Release|Win32
		{C45F3A21-24E3-4870-83D1-161793E5170E}.Debug|x64.ActiveCfg = Debug|x64
		{C45F3A21-24E3-4870-83D1-161793E5170E}.Debug|x64.Build.0 = Debug|x64
		{C45F3A21-24E3-4870-83D1-161793E5170E}.Debug|x86.ActiveCfg = Debug|Win32
		{C45F3A21-24E3-4870-83D1-161793E5170E}.Debug|x86.Build.0 = Debug|Win32
		{C45F3A21-24E3-4870-83D1-161793E5170E}.Release|x64.ActiveCfg = Release|x64
		{C45F3A21-24E3-4870-83D1-161793E5170E}.Release|x64.Build.0 = Release|x64
		{C45F3A21-24E3-4870-83D1-161793E5170E}.Release|x86.ActiveCfg = Release|Win32
		{C45F3A21-24E3-4870-83D1-161793E5170E}.Release|x86.Build.0 = Release|Win32
	EndGlobalSection
	GlobalSection(SolutionProperties) = preSolution
		HideSolutionNode = FALSE
	EndGlobalSection
	GlobalSection(ExtensibilityGlobals) = postSolution
		SolutionGuid = {967D57E7-A538-4708-ACFB-FDC02550AA04}
	EndGlobalSection
EndGlobal
